{
  "version": 4,
  "terraform_version": "1.5.7",
  "serial": 55,
  "lineage": "852f4dab-bb62-cee7-2c63-6a95217ee8fe",
  "outputs": {},
  "resources": [
    {
      "module": "module.oci-fk-adb-primary",
      "mode": "managed",
      "type": "oci_core_network_security_group",
      "name": "fk_adb_nsg",
      "provider": "provider[\"registry.terraform.io/oracle/oci\"].primary",
      "instances": [
        {
          "index_key": 0,
          "schema_version": 0,
          "attributes": {
            "compartment_id": "ocid1.compartment.oc1..aaaaaaaaiyy4srmrb32v5rlniicwmpxsytywiucgbcp5ext6e4ahjfuloewa",
            "defined_tags": {},
            "display_name": "fk_adb_nsg",
            "freeform_tags": {},
            "id": "ocid1.networksecuritygroup.oc1.eu-frankfurt-1.aaaaaaaagz6a7tdraej6bu3nzntcyx6klwqc7ztffkzwc6gorn6lzvzwihdq",
            "state": "AVAILABLE",
            "time_created": "2024-04-05 11:01:22.185 +0000 UTC",
            "timeouts": null,
            "vcn_id": "ocid1.vcn.oc1.eu-frankfurt-1.amaaaaaadngk4giasfdtkswxkzqua7rr3krxwtzvdjrnlewagupjdpmfgh7a"
          },
          "sensitive_attributes": [],
          "private": "eyJlMmJmYjczMC1lY2FhLTExZTYtOGY4OC0zNDM2M2JjN2M0YzAiOnsiY3JlYXRlIjoxMjAwMDAwMDAwMDAwLCJkZWxldGUiOjEyMDAwMDAwMDAwMDAsInVwZGF0ZSI6MTIwMDAwMDAwMDAwMH19",
          "dependencies": [
            "module.oci-fk-adb-primary.oci_core_vcn.fk_adb_vcn"
          ]
        }
      ]
    },
    {
      "module": "module.oci-fk-adb-primary",
      "mode": "managed",
      "type": "oci_core_vcn",
      "name": "fk_adb_vcn",
      "provider": "provider[\"registry.terraform.io/oracle/oci\"].primary",
      "instances": [
        {
          "index_key": 0,
          "schema_version": 0,
          "attributes": {
            "byoipv6cidr_blocks": [],
            "byoipv6cidr_details": [],
            "cidr_block": "10.0.0.0/16",
            "cidr_blocks": [
              "10.0.0.0/16"
            ],
            "compartment_id": "ocid1.compartment.oc1..aaaaaaaaiyy4srmrb32v5rlniicwmpxsytywiucgbcp5ext6e4ahjfuloewa",
            "default_dhcp_options_id": "ocid1.dhcpoptions.oc1.eu-frankfurt-1.aaaaaaaabtwr4gbzjxxmyhhwemfuy36mx6huwj7wy47vlmjnxjikzght5xxq",
            "default_route_table_id": "ocid1.routetable.oc1.eu-frankfurt-1.aaaaaaaaa3seyfcobyqrvymmk4apg5yu4iyyeu3jjaxdqol3q2qniruyf6da",
            "default_security_list_id": "ocid1.securitylist.oc1.eu-frankfurt-1.aaaaaaaaspgseincrzo5mdjucuefko5ypqxjyjo2fxx67yiq4vek7jntx37a",
            "defined_tags": {},
            "display_name": "fk_adb_vcn",
            "dns_label": "fkadbvcn",
            "freeform_tags": {},
            "id": "ocid1.vcn.oc1.eu-frankfurt-1.amaaaaaadngk4giasfdtkswxkzqua7rr3krxwtzvdjrnlewagupjdpmfgh7a",
            "ipv6cidr_blocks": [],
            "ipv6private_cidr_blocks": [],
            "is_ipv6enabled": false,
            "is_oracle_gua_allocation_enabled": null,
            "state": "AVAILABLE",
            "time_created": "2024-04-05 11:01:21.478 +0000 UTC",
            "timeouts": null,
            "vcn_domain_name": "fkadbvcn.oraclevcn.com"
          },
          "sensitive_attributes": [],
          "private": "eyJlMmJmYjczMC1lY2FhLTExZTYtOGY4OC0zNDM2M2JjN2M0YzAiOnsiY3JlYXRlIjoxMjAwMDAwMDAwMDAwLCJkZWxldGUiOjEyMDAwMDAwMDAwMDAsInVwZGF0ZSI6MTIwMDAwMDAwMDAwMH19"
        }
      ]
    }
  ],
  "check_results": null
}
